
Microsoft Visual Studio Solution File, Format Version 10.00
# Visual Studio 2008
Project("{8BC9CEB8-8B4A-11D0-8D11-00A0C91BC942}") = "libzmq", "libzmq\libzmq.vcproj", "{641C5F36-32EE-4323-B740-992B651CF9D6}"
EndProject
Project("{8BC9CEB8-8B4A-11D0-8D11-00A0C91BC942}") = "local_lat", "c_local_lat\c_local_lat.vcproj", "{4FDB8C73-9D4A-4D87-A4A9-A7FC06DFEA57}"
	ProjectSection(ProjectDependencies) = postProject
		{641C5F36-32EE-4323-B740-992B651CF9D6} = {641C5F36-32EE-4323-B740-992B651CF9D6}
	EndProjectSection
EndProject
Project("{8BC9CEB8-8B4A-11D0-8D11-00A0C91BC942}") = "remote_lat", "c_remote_lat\c_remote_lat.vcproj", "{9C20A37C-5D9F-4C4C-A2D9-E6EE91A077D1}"
	ProjectSection(ProjectDependencies) = postProject
		{641C5F36-32EE-4323-B740-992B651CF9D6} = {641C5F36-32EE-4323-B740-992B651CF9D6}
	EndProjectSection
EndProject
Project("{8BC9CEB8-8B4A-11D0-8D11-00A0C91BC942}") = "local_thr", "c_local_thr\c_local_thr.vcproj", "{8EF2DF6B-6646-460F-8032-913B70FE0E94}"
	ProjectSection(ProjectDependencies) = postProject
		{641C5F36-32EE-4323-B740-992B651CF9D6} = {641C5F36-32EE-4323-B740-992B651CF9D6}
	EndProjectSection
EndProject
Project("{8BC9CEB8-8B4A-11D0-8D11-00A0C91BC942}") = "remote_thr", "c_remote_thr\c_remote_thr.vcproj", "{B15E059C-0CBB-4A82-8C42-6567FB650802}"
	ProjectSection(ProjectDependencies) = postProject
		{641C5F36-32EE-4323-B740-992B651CF9D6} = {641C5F36-32EE-4323-B740-992B651CF9D6}
	EndProjectSection
EndProject
Project("{8BC9CEB8-8B4A-11D0-8D11-00A0C91BC942}") = "inproc_lat", "inproc_lat\inproc_lat.vcproj", "{6FF7436F-B3F6-4AE9-A3AC-CFDE8A3872A0}"
	ProjectSection(ProjectDependencies) = postProject
		{641C5F36-32EE-4323-B740-992B651CF9D6} = {641C5F36-32EE-4323-B740-992B651CF9D6}
	EndProjectSection
EndProject
Project("{8BC9CEB8-8B4A-11D0-8D11-00A0C91BC942}") = "inproc_thr", "inproc_thr\inproc_thr.vcproj", "{1077E977-95DD-4E73-A692-74647DD0CC1E}"
	ProjectSection(ProjectDependencies) = postProject
		{641C5F36-32EE-4323-B740-992B651CF9D6} = {641C5F36-32EE-4323-B740-992B651CF9D6}
	EndProjectSection
EndProject
Global
	GlobalSection(SolutionConfigurationPlatforms) = preSolution
		Debug|Win32 = Debug|Win32
		Debug|WinCE = Debug|WinCE
		Release|Win32 = Release|Win32
		Release|WinCE = Release|WinCE
		WithOpenPGM|Win32 = WithOpenPGM|Win32
		WithOpenPGM|WinCE = WithOpenPGM|WinCE
	EndGlobalSection
	GlobalSection(ProjectConfigurationPlatforms) = postSolution
		{641C5F36-32EE-4323-B740-992B651CF9D6}.Debug|Win32.ActiveCfg = Debug|Win32
		{641C5F36-32EE-4323-B740-992B651CF9D6}.Debug|Win32.Build.0 = Debug|Win32
		{641C5F36-32EE-4323-B740-992B651CF9D6}.Debug|WinCE.ActiveCfg = Debug|Windows Mobile 5.0 Pocket PC SDK (ARMV4I)
		{641C5F36-32EE-4323-B740-992B651CF9D6}.Debug|WinCE.Build.0 = Debug|Windows Mobile 5.0 Pocket PC SDK (ARMV4I)
		{641C5F36-32EE-4323-B740-992B651CF9D6}.Debug|WinCE.Deploy.0 = Debug|Windows Mobile 5.0 Pocket PC SDK (ARMV4I)
		{641C5F36-32EE-4323-B740-992B651CF9D6}.Release|Win32.ActiveCfg = Release|Win32
		{641C5F36-32EE-4323-B740-992B651CF9D6}.Release|Win32.Build.0 = Release|Win32
		{641C5F36-32EE-4323-B740-992B651CF9D6}.Release|WinCE.ActiveCfg = Release|Windows Mobile 5.0 Pocket PC SDK (ARMV4I)
		{641C5F36-32EE-4323-B740-992B651CF9D6}.Release|WinCE.Build.0 = Release|Windows Mobile 5.0 Pocket PC SDK (ARMV4I)
		{641C5F36-32EE-4323-B740-992B651CF9D6}.Release|WinCE.Deploy.0 = Release|Windows Mobile 5.0 Pocket PC SDK (ARMV4I)
		{641C5F36-32EE-4323-B740-992B651CF9D6}.WithOpenPGM|Win32.ActiveCfg = WithOpenPGM|Win32
		{641C5F36-32EE-4323-B740-992B651CF9D6}.WithOpenPGM|Win32.Build.0 = WithOpenPGM|Win32
		{641C5F36-32EE-4323-B740-992B651CF9D6}.WithOpenPGM|WinCE.ActiveCfg = WithOpenPGM|Windows Mobile 5.0 Pocket PC SDK (ARMV4I)
		{641C5F36-32EE-4323-B740-992B651CF9D6}.WithOpenPGM|WinCE.Build.0 = WithOpenPGM|Windows Mobile 5.0 Pocket PC SDK (ARMV4I)
		{641C5F36-32EE-4323-B740-992B651CF9D6}.WithOpenPGM|WinCE.Deploy.0 = WithOpenPGM|Windows Mobile 5.0 Pocket PC SDK (ARMV4I)
		{4FDB8C73-9D4A-4D87-A4A9-A7FC06DFEA57}.Debug|Win32.ActiveCfg = Debug|Win32
		{4FDB8C73-9D4A-4D87-A4A9-A7FC06DFEA57}.Debug|Win32.Build.0 = Debug|Win32
		{4FDB8C73-9D4A-4D87-A4A9-A7FC06DFEA57}.Debug|WinCE.ActiveCfg = Debug|Windows Mobile 5.0 Pocket PC SDK (ARMV4I)
		{4FDB8C73-9D4A-4D87-A4A9-A7FC06DFEA57}.Debug|WinCE.Build.0 = Debug|Windows Mobile 5.0 Pocket PC SDK (ARMV4I)
		{4FDB8C73-9D4A-4D87-A4A9-A7FC06DFEA57}.Debug|WinCE.Deploy.0 = Debug|Windows Mobile 5.0 Pocket PC SDK (ARMV4I)
		{4FDB8C73-9D4A-4D87-A4A9-A7FC06DFEA57}.Release|Win32.ActiveCfg = Release|Win32
		{4FDB8C73-9D4A-4D87-A4A9-A7FC06DFEA57}.Release|Win32.Build.0 = Release|Win32
		{4FDB8C73-9D4A-4D87-A4A9-A7FC06DFEA57}.Release|WinCE.ActiveCfg = Release|Windows Mobile 5.0 Pocket PC SDK (ARMV4I)
		{4FDB8C73-9D4A-4D87-A4A9-A7FC06DFEA57}.Release|WinCE.Build.0 = Release|Windows Mobile 5.0 Pocket PC SDK (ARMV4I)
		{4FDB8C73-9D4A-4D87-A4A9-A7FC06DFEA57}.Release|WinCE.Deploy.0 = Release|Windows Mobile 5.0 Pocket PC SDK (ARMV4I)
		{4FDB8C73-9D4A-4D87-A4A9-A7FC06DFEA57}.WithOpenPGM|Win32.ActiveCfg = Release|Win32
		{4FDB8C73-9D4A-4D87-A4A9-A7FC06DFEA57}.WithOpenPGM|Win32.Build.0 = Release|Win32
		{4FDB8C73-9D4A-4D87-A4A9-A7FC06DFEA57}.WithOpenPGM|WinCE.ActiveCfg = Release|Windows Mobile 5.0 Pocket PC SDK (ARMV4I)
		{4FDB8C73-9D4A-4D87-A4A9-A7FC06DFEA57}.WithOpenPGM|WinCE.Build.0 = Release|Windows Mobile 5.0 Pocket PC SDK (ARMV4I)
		{4FDB8C73-9D4A-4D87-A4A9-A7FC06DFEA57}.WithOpenPGM|WinCE.Deploy.0 = Release|Windows Mobile 5.0 Pocket PC SDK (ARMV4I)
		{9C20A37C-5D9F-4C4C-A2D9-E6EE91A077D1}.Debug|Win32.ActiveCfg = Debug|Win32
		{9C20A37C-5D9F-4C4C-A2D9-E6EE91A077D1}.Debug|Win32.Build.0 = Debug|Win32
		{9C20A37C-5D9F-4C4C-A2D9-E6EE91A077D1}.Debug|WinCE.ActiveCfg = Debug|Windows Mobile 5.0 Pocket PC SDK (ARMV4I)
		{9C20A37C-5D9F-4C4C-A2D9-E6EE91A077D1}.Debug|WinCE.Build.0 = Debug|Windows Mobile 5.0 Pocket PC SDK (ARMV4I)
		{9C20A37C-5D9F-4C4C-A2D9-E6EE91A077D1}.Debug|WinCE.Deploy.0 = Debug|Windows Mobile 5.0 Pocket PC SDK (ARMV4I)
		{9C20A37C-5D9F-4C4C-A2D9-E6EE91A077D1}.Release|Win32.ActiveCfg = Release|Win32
		{9C20A37C-5D9F-4C4C-A2D9-E6EE91A077D1}.Release|Win32.Build.0 = Release|Win32
		{9C20A37C-5D9F-4C4C-A2D9-E6EE91A077D1}.Release|WinCE.ActiveCfg = Release|Windows Mobile 5.0 Pocket PC SDK (ARMV4I)
		{9C20A37C-5D9F-4C4C-A2D9-E6EE91A077D1}.Release|WinCE.Build.0 = Release|Windows Mobile 5.0 Pocket PC SDK (ARMV4I)
		{9C20A37C-5D9F-4C4C-A2D9-E6EE91A077D1}.Release|WinCE.Deploy.0 = Release|Windows Mobile 5.0 Pocket PC SDK (ARMV4I)
		{9C20A37C-5D9F-4C4C-A2D9-E6EE91A077D1}.WithOpenPGM|Win32.ActiveCfg = Release|Win32
		{9C20A37C-5D9F-4C4C-A2D9-E6EE91A077D1}.WithOpenPGM|Win32.Build.0 = Release|Win32
		{9C20A37C-5D9F-4C4C-A2D9-E6EE91A077D1}.WithOpenPGM|WinCE.ActiveCfg = Release|Windows Mobile 5.0 Pocket PC SDK (ARMV4I)
		{9C20A37C-5D9F-4C4C-A2D9-E6EE91A077D1}.WithOpenPGM|WinCE.Build.0 = Release|Windows Mobile 5.0 Pocket PC SDK (ARMV4I)
		{9C20A37C-5D9F-4C4C-A2D9-E6EE91A077D1}.WithOpenPGM|WinCE.Deploy.0 = Release|Windows Mobile 5.0 Pocket PC SDK (ARMV4I)
		{8EF2DF6B-6646-460F-8032-913B70FE0E94}.Debug|Win32.ActiveCfg = Debug|Win32
		{8EF2DF6B-6646-460F-8032-913B70FE0E94}.Debug|Win32.Build.0 = Debug|Win32
		{8EF2DF6B-6646-460F-8032-913B70FE0E94}.Debug|WinCE.ActiveCfg = Debug|Windows Mobile 5.0 Pocket PC SDK (ARMV4I)
		{8EF2DF6B-6646-460F-8032-913B70FE0E94}.Debug|WinCE.Build.0 = Debug|Windows Mobile 5.0 Pocket PC SDK (ARMV4I)
		{8EF2DF6B-6646-460F-8032-913B70FE0E94}.Debug|WinCE.Deploy.0 = Debug|Windows Mobile 5.0 Pocket PC SDK (ARMV4I)
		{8EF2DF6B-6646-460F-8032-913B70FE0E94}.Release|Win32.ActiveCfg = Release|Win32
		{8EF2DF6B-6646-460F-8032-913B70FE0E94}.Release|Win32.Build.0 = Release|Win32
		{8EF2DF6B-6646-460F-8032-913B70FE0E94}.Release|WinCE.ActiveCfg = Release|Windows Mobile 5.0 Pocket PC SDK (ARMV4I)
		{8EF2DF6B-6646-460F-8032-913B70FE0E94}.Release|WinCE.Build.0 = Release|Windows Mobile 5.0 Pocket PC SDK (ARMV4I)
		{8EF2DF6B-6646-460F-8032-913B70FE0E94}.Release|WinCE.Deploy.0 = Release|Windows Mobile 5.0 Pocket PC SDK (ARMV4I)
		{8EF2DF6B-6646-460F-8032-913B70FE0E94}.WithOpenPGM|Win32.ActiveCfg = Release|Win32
		{8EF2DF6B-6646-460F-8032-913B70FE0E94}.WithOpenPGM|Win32.Build.0 = Release|Win32
		{8EF2DF6B-6646-460F-8032-913B70FE0E94}.WithOpenPGM|WinCE.ActiveCfg = Release|Windows Mobile 5.0 Pocket PC SDK (ARMV4I)
		{8EF2DF6B-6646-460F-8032-913B70FE0E94}.WithOpenPGM|WinCE.Build.0 = Release|Windows Mobile 5.0 Pocket PC SDK (ARMV4I)
		{8EF2DF6B-6646-460F-8032-913B70FE0E94}.WithOpenPGM|WinCE.Deploy.0 = Release|Windows Mobile 5.0 Pocket PC SDK (ARMV4I)
		{B15E059C-0CBB-4A82-8C42-6567FB650802}.Debug|Win32.ActiveCfg = Debug|Win32
		{B15E059C-0CBB-4A82-8C42-6567FB650802}.Debug|Win32.Build.0 = Debug|Win32
		{B15E059C-0CBB-4A82-8C42-6567FB650802}.Debug|WinCE.ActiveCfg = Debug|Windows Mobile 5.0 Pocket PC SDK (ARMV4I)
		{B15E059C-0CBB-4A82-8C42-6567FB650802}.Debug|WinCE.Build.0 = Debug|Windows Mobile 5.0 Pocket PC SDK (ARMV4I)
		{B15E059C-0CBB-4A82-8C42-6567FB650802}.Debug|WinCE.Deploy.0 = Debug|Windows Mobile 5.0 Pocket PC SDK (ARMV4I)
		{B15E059C-0CBB-4A82-8C42-6567FB650802}.Release|Win32.ActiveCfg = Release|Win32
		{B15E059C-0CBB-4A82-8C42-6567FB650802}.Release|Win32.Build.0 = Release|Win32
		{B15E059C-0CBB-4A82-8C42-6567FB650802}.Release|WinCE.ActiveCfg = Release|Windows Mobile 5.0 Pocket PC SDK (ARMV4I)
		{B15E059C-0CBB-4A82-8C42-6567FB650802}.Release|WinCE.Build.0 = Release|Windows Mobile 5.0 Pocket PC SDK (ARMV4I)
		{B15E059C-0CBB-4A82-8C42-6567FB650802}.Release|WinCE.Deploy.0 = Release|Windows Mobile 5.0 Pocket PC SDK (ARMV4I)
		{B15E059C-0CBB-4A82-8C42-6567FB650802}.WithOpenPGM|Win32.ActiveCfg = Release|Win32
		{B15E059C-0CBB-4A82-8C42-6567FB650802}.WithOpenPGM|Win32.Build.0 = Release|Win32
		{B15E059C-0CBB-4A82-8C42-6567FB650802}.WithOpenPGM|WinCE.ActiveCfg = Release|Windows Mobile 5.0 Pocket PC SDK (ARMV4I)
		{B15E059C-0CBB-4A82-8C42-6567FB650802}.WithOpenPGM|WinCE.Build.0 = Release|Windows Mobile 5.0 Pocket PC SDK (ARMV4I)
		{B15E059C-0CBB-4A82-8C42-6567FB650802}.WithOpenPGM|WinCE.Deploy.0 = Release|Windows Mobile 5.0 Pocket PC SDK (ARMV4I)
		{6FF7436F-B3F6-4AE9-A3AC-CFDE8A3872A0}.Debug|Win32.ActiveCfg = Debug|Win32
		{6FF7436F-B3F6-4AE9-A3AC-CFDE8A3872A0}.Debug|Win32.Build.0 = Debug|Win32
		{6FF7436F-B3F6-4AE9-A3AC-CFDE8A3872A0}.Debug|WinCE.ActiveCfg = Debug|Windows Mobile 5.0 Pocket PC SDK (ARMV4I)
		{6FF7436F-B3F6-4AE9-A3AC-CFDE8A3872A0}.Debug|WinCE.Build.0 = Debug|Windows Mobile 5.0 Pocket PC SDK (ARMV4I)
		{6FF7436F-B3F6-4AE9-A3AC-CFDE8A3872A0}.Debug|WinCE.Deploy.0 = Debug|Windows Mobile 5.0 Pocket PC SDK (ARMV4I)
		{6FF7436F-B3F6-4AE9-A3AC-CFDE8A3872A0}.Release|Win32.ActiveCfg = Release|Win32
		{6FF7436F-B3F6-4AE9-A3AC-CFDE8A3872A0}.Release|Win32.Build.0 = Release|Win32
		{6FF7436F-B3F6-4AE9-A3AC-CFDE8A3872A0}.Release|WinCE.ActiveCfg = Release|Windows Mobile 5.0 Pocket PC SDK (ARMV4I)
		{6FF7436F-B3F6-4AE9-A3AC-CFDE8A3872A0}.Release|WinCE.Build.0 = Release|Windows Mobile 5.0 Pocket PC SDK (ARMV4I)
		{6FF7436F-B3F6-4AE9-A3AC-CFDE8A3872A0}.Release|WinCE.Deploy.0 = Release|Windows Mobile 5.0 Pocket PC SDK (ARMV4I)
		{6FF7436F-B3F6-4AE9-A3AC-CFDE8A3872A0}.WithOpenPGM|Win32.ActiveCfg = Release|Win32
		{6FF7436F-B3F6-4AE9-A3AC-CFDE8A3872A0}.WithOpenPGM|Win32.Build.0 = Release|Win32
		{6FF7436F-B3F6-4AE9-A3AC-CFDE8A3872A0}.WithOpenPGM|WinCE.ActiveCfg = Release|Windows Mobile 5.0 Pocket PC SDK (ARMV4I)
		{6FF7436F-B3F6-4AE9-A3AC-CFDE8A3872A0}.WithOpenPGM|WinCE.Build.0 = Release|Windows Mobile 5.0 Pocket PC SDK (ARMV4I)
		{6FF7436F-B3F6-4AE9-A3AC-CFDE8A3872A0}.WithOpenPGM|WinCE.Deploy.0 = Release|Windows Mobile 5.0 Pocket PC SDK (ARMV4I)
		{1077E977-95DD-4E73-A692-74647DD0CC1E}.Debug|Win32.ActiveCfg = Debug|Win32
		{1077E977-95DD-4E73-A692-74647DD0CC1E}.Debug|Win32.Build.0 = Debug|Win32
		{1077E977-95DD-4E73-A692-74647DD0CC1E}.Debug|WinCE.ActiveCfg = Debug|Windows Mobile 5.0 Pocket PC SDK (ARMV4I)
		{1077E977-95DD-4E73-A692-74647DD0CC1E}.Debug|WinCE.Build.0 = Debug|Windows Mobile 5.0 Pocket PC SDK (ARMV4I)
		{1077E977-95DD-4E73-A692-74647DD0CC1E}.Debug|WinCE.Deploy.0 = Debug|Windows Mobile 5.0 Pocket PC SDK (ARMV4I)
		{1077E977-95DD-4E73-A692-74647DD0CC1E}.Release|Win32.ActiveCfg = Release|Win32
		{1077E977-95DD-4E73-A692-74647DD0CC1E}.Release|Win32.Build.0 = Release|Win32
		{1077E977-95DD-4E73-A692-74647DD0CC1E}.Release|WinCE.ActiveCfg = Release|Windows Mobile 5.0 Pocket PC SDK (ARMV4I)
		{1077E977-95DD-4E73-A692-74647DD0CC1E}.Release|WinCE.Build.0 = Release|Windows Mobile 5.0 Pocket PC SDK (ARMV4I)
		{1077E977-95DD-4E73-A692-74647DD0CC1E}.Release|WinCE.Deploy.0 = Release|Windows Mobile 5.0 Pocket PC SDK (ARMV4I)
		{1077E977-95DD-4E73-A692-74647DD0CC1E}.WithOpenPGM|Win32.ActiveCfg = Release|Win32
		{1077E977-95DD-4E73-A692-74647DD0CC1E}.WithOpenPGM|Win32.Build.0 = Release|Win32
		{1077E977-95DD-4E73-A692-74647DD0CC1E}.WithOpenPGM|WinCE.ActiveCfg = Release|Windows Mobile 5.0 Pocket PC SDK (ARMV4I)
		{1077E977-95DD-4E73-A692-74647DD0CC1E}.WithOpenPGM|WinCE.Build.0 = Release|Windows Mobile 5.0 Pocket PC SDK (ARMV4I)
		{1077E977-95DD-4E73-A692-74647DD0CC1E}.WithOpenPGM|WinCE.Deploy.0 = Release|Windows Mobile 5.0 Pocket PC SDK (ARMV4I)
	EndGlobalSection
	GlobalSection(SolutionProperties) = preSolution
		HideSolutionNode = FALSE
	EndGlobalSection
EndGlobal
